Microsoft Visual Studio Solution File, Format Version 12.00
# Visual Studio Version 17
VisualStudioVersion = 17.5.2.0
MinimumVisualStudioVersion = 10.0.40219.1
Project("{FAE04EC0-301F-11D3-BF4B-00C04F79EFBC}") = "ipget", "ipget.csproj", "{1D5A3A3B-E3FD-4016-E9E8-AC09C17E191C}"
EndProject
Global
	GlobalSection(SolutionConfigurationPlatforms) = preSolution
		Debug|Any CPU = Debug|Any CPU
		Release|Any CPU = Release|Any CPU
	EndGlobalSection
	GlobalSection(ProjectConfigurationPlatforms) = postSolution
		{1D5A3A3B-E3FD-4016-E9E8-AC09C17E191C}.Debug|Any CPU.ActiveCfg = Debug|Any CPU
		{1D5A3A3B-E3FD-4016-E9E8-AC09C17E191C}.Debug|Any CPU.Build.0 = Debug|Any CPU
		{1D5A3A3B-E3FD-4016-E9E8-AC09C17E191C}.Release|Any CPU.ActiveCfg = Release|Any CPU
		{1D5A3A3B-E3FD-4016-E9E8-AC09C17E191C}.Release|Any CPU.Build.0 = Release|Any CPU
	EndGlobalSection
	GlobalSection(SolutionProperties) = preSolution
		HideSolutionNode = FALSE
	EndGlobalSection
	GlobalSection(ExtensibilityGlobals) = postSolution
		SolutionGuid = {388A8449-C380-4C1C-A3E4-1EE806D9F938}
	EndGlobalSection
EndGlobal
